
Microsoft Visual Studio Solution File, Format Version 12.00
# Visual Studio 15
VisualStudioVersion = 15.0.26124.0
MinimumVisualStudioVersion = 15.0.26124.0
Project("{2150E333-8FDC-42A3-9474-1A3956D46DE8}") = "src", "src", "{9204760A-10F3-4D7F-9675-68DBCDCF6197}"
EndProject
Project("{2150E333-8FDC-42A3-9474-1A3956D46DE8}") = "Core", "Core", "{0ECA682B-FE98-4C9B-ADCC-3720F23A29E6}"
EndProject
Project("{9A19103F-16F7-4668-BE54-9A1E7A4F7556}") = "FileServer.Web", "src\Web\FileServer.Web\FileServer.Web.csproj", "{3A2C219C-E943-4155-88CB-122F20BCFD06}"
EndProject
Project("{9A19103F-16F7-4668-BE54-9A1E7A4F7556}") = "Cloud.Core", "src\Core\Cloud.Core\Cloud.Core.csproj", "{A8603E16-B61A-44AE-8453-F904FB30D878}"
EndProject
Project("{2150E333-8FDC-42A3-9474-1A3956D46DE8}") = "Extend", "Extend", "{8D1F495F-A5DE-4852-B0C7-83E121A6CDF6}"
EndProject
Project("{FAE04EC0-301F-11D3-BF4B-00C04F79EFBC}") = "Cloud.Extend.Autofac", "src\core\Cloud.Extend.Autofac\Cloud.Extend.Autofac.csproj", "{B2EC333B-8667-4C7E-9AA1-C162C1BF06E0}"
EndProject
Project("{FAE04EC0-301F-11D3-BF4B-00C04F79EFBC}") = "Cloud.Extend.Log4net", "src\core\Cloud.Extend.Log4net\Cloud.Extend.Log4net.csproj", "{6295D8B4-36DE-402F-924C-A1C98E309327}"
EndProject
Global
	GlobalSection(SolutionConfigurationPlatforms) = preSolution
		Debug|Any CPU = Debug|Any CPU
		Release|Any CPU = Release|Any CPU
	EndGlobalSection
	GlobalSection(ProjectConfigurationPlatforms) = postSolution
		{3A2C219C-E943-4155-88CB-122F20BCFD06}.Debug|Any CPU.ActiveCfg = Debug|Any CPU
		{3A2C219C-E943-4155-88CB-122F20BCFD06}.Debug|Any CPU.Build.0 = Debug|Any CPU
		{3A2C219C-E943-4155-88CB-122F20BCFD06}.Release|Any CPU.ActiveCfg = Release|Any CPU
		{3A2C219C-E943-4155-88CB-122F20BCFD06}.Release|Any CPU.Build.0 = Release|Any CPU
		{A8603E16-B61A-44AE-8453-F904FB30D878}.Debug|Any CPU.ActiveCfg = Debug|Any CPU
		{A8603E16-B61A-44AE-8453-F904FB30D878}.Debug|Any CPU.Build.0 = Debug|Any CPU
		{A8603E16-B61A-44AE-8453-F904FB30D878}.Release|Any CPU.ActiveCfg = Release|Any CPU
		{A8603E16-B61A-44AE-8453-F904FB30D878}.Release|Any CPU.Build.0 = Release|Any CPU
		{B2EC333B-8667-4C7E-9AA1-C162C1BF06E0}.Debug|Any CPU.ActiveCfg = Debug|Any CPU
		{B2EC333B-8667-4C7E-9AA1-C162C1BF06E0}.Debug|Any CPU.Build.0 = Debug|Any CPU
		{B2EC333B-8667-4C7E-9AA1-C162C1BF06E0}.Release|Any CPU.ActiveCfg = Release|Any CPU
		{B2EC333B-8667-4C7E-9AA1-C162C1BF06E0}.Release|Any CPU.Build.0 = Release|Any CPU
		{6295D8B4-36DE-402F-924C-A1C98E309327}.Debug|Any CPU.ActiveCfg = Debug|Any CPU
		{6295D8B4-36DE-402F-924C-A1C98E309327}.Debug|Any CPU.Build.0 = Debug|Any CPU
		{6295D8B4-36DE-402F-924C-A1C98E309327}.Release|Any CPU.ActiveCfg = Release|Any CPU
		{6295D8B4-36DE-402F-924C-A1C98E309327}.Release|Any CPU.Build.0 = Release|Any CPU
	EndGlobalSection
	GlobalSection(SolutionProperties) = preSolution
		HideSolutionNode = FALSE
	EndGlobalSection
	GlobalSection(NestedProjects) = preSolution
		{0ECA682B-FE98-4C9B-ADCC-3720F23A29E6} = {9204760A-10F3-4D7F-9675-68DBCDCF6197}
		{A8603E16-B61A-44AE-8453-F904FB30D878} = {0ECA682B-FE98-4C9B-ADCC-3720F23A29E6}
		{8D1F495F-A5DE-4852-B0C7-83E121A6CDF6} = {9204760A-10F3-4D7F-9675-68DBCDCF6197}
		{B2EC333B-8667-4C7E-9AA1-C162C1BF06E0} = {0ECA682B-FE98-4C9B-ADCC-3720F23A29E6}
		{6295D8B4-36DE-402F-924C-A1C98E309327} = {0ECA682B-FE98-4C9B-ADCC-3720F23A29E6}
	EndGlobalSection
	GlobalSection(ExtensibilityGlobals) = postSolution
		SolutionGuid = {EDFADE14-E728-4BDA-B036-1D49C9863F92}
	EndGlobalSection
EndGlobal
