
Microsoft Visual Studio Solution File, Format Version 12.00
# Visual Studio 15
VisualStudioVersion = 15.0.26124.0
MinimumVisualStudioVersion = 15.0.26124.0
Project("{2150E333-8FDC-42A3-9474-1A3956D46DE8}") = "src", "src", "{9204760A-10F3-4D7F-9675-68DBCDCF6197}"
EndProject
Project("{FAE04EC0-301F-11D3-BF4B-00C04F79EFBC}") = "FileServerStart", "src\FileServerStart\FileServerStart.csproj", "{F47598CA-B7EC-4333-A5A4-E0B81A22AA75}"
EndProject
Project("{2150E333-8FDC-42A3-9474-1A3956D46DE8}") = "Core", "Core", "{0ECA682B-FE98-4C9B-ADCC-3720F23A29E6}"
EndProject
Project("{FAE04EC0-301F-11D3-BF4B-00C04F79EFBC}") = "FileServerCore", "src\Core\FileServerCore\FileServerCore.csproj", "{4E6F3E6F-1A00-48C0-8A1B-5C685286F7AB}"
EndProject
Global
	GlobalSection(SolutionConfigurationPlatforms) = preSolution
		Debug|Any CPU = Debug|Any CPU
		Debug|x64 = Debug|x64
		Debug|x86 = Debug|x86
		Release|Any CPU = Release|Any CPU
		Release|x64 = Release|x64
		Release|x86 = Release|x86
	EndGlobalSection
	GlobalSection(SolutionProperties) = preSolution
		HideSolutionNode = FALSE
	EndGlobalSection
	GlobalSection(ProjectConfigurationPlatforms) = postSolution
		{F47598CA-B7EC-4333-A5A4-E0B81A22AA75}.Debug|Any CPU.ActiveCfg = Debug|Any CPU
		{F47598CA-B7EC-4333-A5A4-E0B81A22AA75}.Debug|Any CPU.Build.0 = Debug|Any CPU
		{F47598CA-B7EC-4333-A5A4-E0B81A22AA75}.Debug|x64.ActiveCfg = Debug|Any CPU
		{F47598CA-B7EC-4333-A5A4-E0B81A22AA75}.Debug|x64.Build.0 = Debug|Any CPU
		{F47598CA-B7EC-4333-A5A4-E0B81A22AA75}.Debug|x86.ActiveCfg = Debug|Any CPU
		{F47598CA-B7EC-4333-A5A4-E0B81A22AA75}.Debug|x86.Build.0 = Debug|Any CPU
		{F47598CA-B7EC-4333-A5A4-E0B81A22AA75}.Release|Any CPU.ActiveCfg = Release|Any CPU
		{F47598CA-B7EC-4333-A5A4-E0B81A22AA75}.Release|Any CPU.Build.0 = Release|Any CPU
		{F47598CA-B7EC-4333-A5A4-E0B81A22AA75}.Release|x64.ActiveCfg = Release|Any CPU
		{F47598CA-B7EC-4333-A5A4-E0B81A22AA75}.Release|x64.Build.0 = Release|Any CPU
		{F47598CA-B7EC-4333-A5A4-E0B81A22AA75}.Release|x86.ActiveCfg = Release|Any CPU
		{F47598CA-B7EC-4333-A5A4-E0B81A22AA75}.Release|x86.Build.0 = Release|Any CPU
		{4E6F3E6F-1A00-48C0-8A1B-5C685286F7AB}.Debug|Any CPU.ActiveCfg = Debug|Any CPU
		{4E6F3E6F-1A00-48C0-8A1B-5C685286F7AB}.Debug|Any CPU.Build.0 = Debug|Any CPU
		{4E6F3E6F-1A00-48C0-8A1B-5C685286F7AB}.Debug|x64.ActiveCfg = Debug|Any CPU
		{4E6F3E6F-1A00-48C0-8A1B-5C685286F7AB}.Debug|x64.Build.0 = Debug|Any CPU
		{4E6F3E6F-1A00-48C0-8A1B-5C685286F7AB}.Debug|x86.ActiveCfg = Debug|Any CPU
		{4E6F3E6F-1A00-48C0-8A1B-5C685286F7AB}.Debug|x86.Build.0 = Debug|Any CPU
		{4E6F3E6F-1A00-48C0-8A1B-5C685286F7AB}.Release|Any CPU.ActiveCfg = Release|Any CPU
		{4E6F3E6F-1A00-48C0-8A1B-5C685286F7AB}.Release|Any CPU.Build.0 = Release|Any CPU
		{4E6F3E6F-1A00-48C0-8A1B-5C685286F7AB}.Release|x64.ActiveCfg = Release|Any CPU
		{4E6F3E6F-1A00-48C0-8A1B-5C685286F7AB}.Release|x64.Build.0 = Release|Any CPU
		{4E6F3E6F-1A00-48C0-8A1B-5C685286F7AB}.Release|x86.ActiveCfg = Release|Any CPU
		{4E6F3E6F-1A00-48C0-8A1B-5C685286F7AB}.Release|x86.Build.0 = Release|Any CPU
	EndGlobalSection
	GlobalSection(NestedProjects) = preSolution
		{F47598CA-B7EC-4333-A5A4-E0B81A22AA75} = {9204760A-10F3-4D7F-9675-68DBCDCF6197}
		{0ECA682B-FE98-4C9B-ADCC-3720F23A29E6} = {9204760A-10F3-4D7F-9675-68DBCDCF6197}
		{4E6F3E6F-1A00-48C0-8A1B-5C685286F7AB} = {0ECA682B-FE98-4C9B-ADCC-3720F23A29E6}
	EndGlobalSection
EndGlobal
